
Microsoft Visual Studio Solution File, Format Version 12.00
# Visual Studio Version 17
VisualStudioVersion = 17.11.35222.181
MinimumVisualStudioVersion = 10.0.40219.1
Project("{8BC9CEB8-8B4A-11D0-8D11-00A0C91BC942}") = "LanguageBarrier", "LanguageBarrier\LanguageBarrier.vcxproj", "{EB407818-EE6D-4CE0-8F39-E81B95D63034}"
EndProject
Global
	GlobalSection(SolutionConfigurationPlatforms) = preSolution
		cryptbase-Debug|x86 = cryptbase-Debug|x86
		cryptbase-Release|x86 = cryptbase-Release|x86
	EndGlobalSection
	GlobalSection(ProjectConfigurationPlatforms) = postSolution
		{EB407818-EE6D-4CE0-8F39-E81B95D63034}.cryptbase-Debug|x86.ActiveCfg = cryptbase-Debug|Win32
		{EB407818-EE6D-4CE0-8F39-E81B95D63034}.cryptbase-Debug|x86.Build.0 = cryptbase-Debug|Win32
		{EB407818-EE6D-4CE0-8F39-E81B95D63034}.cryptbase-Release|x86.ActiveCfg = cryptbase-Release|Win32
		{EB407818-EE6D-4CE0-8F39-E81B95D63034}.cryptbase-Release|x86.Build.0 = cryptbase-Release|Win32
	EndGlobalSection
	GlobalSection(SolutionProperties) = preSolution
		HideSolutionNode = FALSE
	EndGlobalSection
	GlobalSection(ExtensibilityGlobals) = postSolution
		SolutionGuid = {B1A512A4-C3F1-4B48-A664-0F923F328257}
	EndGlobalSection
EndGlobal
